Microsoft Visual Studio Solution File, Format Version 12.00
# Visual Studio Version 17
VisualStudioVersion = 17.5.2.0
MinimumVisualStudioVersion = 10.0.40219.1
Project("{FAE04EC0-301F-11D3-BF4B-00C04F79EFBC}") = "UniSanayi.Api", "UniSanayi.Api\UniSanayi.Api.csproj", "{CCD3EEF2-4AE7-A3EF-B4EE-6493868CAD92}"
EndProject
Global
	GlobalSection(SolutionConfigurationPlatforms) = preSolution
		Debug|Any CPU = Debug|Any CPU
		Release|Any CPU = Release|Any CPU
	EndGlobalSection
	GlobalSection(ProjectConfigurationPlatforms) = postSolution
		{CCD3EEF2-4AE7-A3EF-B4EE-6493868CAD92}.Debug|Any CPU.ActiveCfg = Debug|Any CPU
		{CCD3EEF2-4AE7-A3EF-B4EE-6493868CAD92}.Debug|Any CPU.Build.0 = Debug|Any CPU
		{CCD3EEF2-4AE7-A3EF-B4EE-6493868CAD92}.Release|Any CPU.ActiveCfg = Release|Any CPU
		{CCD3EEF2-4AE7-A3EF-B4EE-6493868CAD92}.Release|Any CPU.Build.0 = Release|Any CPU
	EndGlobalSection
	GlobalSection(SolutionProperties) = preSolution
		HideSolutionNode = FALSE
	EndGlobalSection
	GlobalSection(ExtensibilityGlobals) = postSolution
		SolutionGuid = {D6BEF0B2-6B75-4041-BC1D-3E4743AD3F6D}
	EndGlobalSection
EndGlobal
